// !$*UTF8*$!
{
	archiveVersion = 1;
	classes = {
	};
	objectVersion = 46;
	objects = {

/* Begin PBXAggregateTarget section */
		8FB0FDB93AD5463B9E19260C /* ZERO_CHECK */ = {
			isa = PBXAggregateTarget;
			buildConfigurationList = 5CA4A15DF6484B6997D24B2E /* Build configuration list for PBXAggregateTarget "ZERO_CHECK" */;
			buildPhases = (
				98F10379A6CABBDAC4C7946C /* Generate CMakeFiles/ZERO_CHECK */,
			);
			dependencies = (
			);
			name = ZERO_CHECK;
			productName = ZERO_CHECK;
		};
		CB4E4EBC1BC14579B70D7564 /* ALL_BUILD */ = {
			isa = PBXAggregateTarget;
			buildConfigurationList = 1A43B6BED5284F91A7769D21 /* Build configuration list for PBXAggregateTarget "ALL_BUILD" */;
			buildPhases = (
				1C43A19B85AE8950D988DCAF /* Generate CMakeFiles/ALL_BUILD */,
			);
			dependencies = (
				314DC17ED47944898B9981AE /* PBXTargetDependency */,
				DF075CCD2C1241CB8A47C8AE /* PBXTargetDependency */,
			);
			name = ALL_BUILD;
			productName = ALL_BUILD;
		};
/* End PBXAggregateTarget section */

/* Begin PBXBuildFile section */
		00BE3B66568A41119244769D /* /Users/jingouyang/Personal/Courseware/Surface_Registeration/zzzlib/Registeration/Registeration.h */ = {isa = PBXBuildFile; fileRef = 6C9DB31194FE4BFBA715B877 /* /Users/jingouyang/Personal/Courseware/Surface_Registeration/zzzlib/Registeration/Registeration.h */; };
		1BDCE25BC01E4B768F2E0CDE /* /Users/jingouyang/Personal/Courseware/Surface_Registeration/zzzlib/Registeration/Tool.h */ = {isa = PBXBuildFile; fileRef = B4B00F222E304AEAB79F629F /* /Users/jingouyang/Personal/Courseware/Surface_Registeration/zzzlib/Registeration/Tool.h */; };
		230185D04B964403B7AF42C9 /* /Users/jingouyang/Personal/Courseware/Surface_Registeration/zzzlib/Registeration/CGetPoint.h */ = {isa = PBXBuildFile; fileRef = 79DB1263D8D04E3285CB9509 /* /Users/jingouyang/Personal/Courseware/Surface_Registeration/zzzlib/Registeration/CGetPoint.h */; };
		296398A03AC14F3EAF37352F /* /Users/jingouyang/Personal/Courseware/Surface_Registeration/zzzlib/Registeration/Registeration.cpp */ = {isa = PBXBuildFile; fileRef = F8394ED877BB48BEA47CDECF /* /Users/jingouyang/Personal/Courseware/Surface_Registeration/zzzlib/Registeration/Registeration.cpp */; };
		5AA05F9B3F8249D8ACADBAFD /* /Users/jingouyang/Personal/Courseware/Surface_Registeration/zzzlib/Registeration/CMakeLists.txt */ = {isa = PBXBuildFile; fileRef = 0B090391EE754D0F911DE983 /* /Users/jingouyang/Personal/Courseware/Surface_Registeration/zzzlib/Registeration/CMakeLists.txt */; };
		719125FDCFEB46B2B1E0FBF6 /* /Users/jingouyang/Personal/Courseware/Surface_Registeration/zzzlib/Registeration/Getpoint.h */ = {isa = PBXBuildFile; fileRef = 06C385C757524FF3A8F08FB2 /* /Users/jingouyang/Personal/Courseware/Surface_Registeration/zzzlib/Registeration/Getpoint.h */; };
		8BEBFBD3AFC745C2800756E0 /* /Users/jingouyang/Personal/Courseware/Surface_Registeration/zzzlib/Registeration/CGetpoint.cpp */ = {isa = PBXBuildFile; fileRef = 5897332310EE4DAABFF4D0AB /* /Users/jingouyang/Personal/Courseware/Surface_Registeration/zzzlib/Registeration/CGetpoint.cpp */; };
		A1D1F58CD2944476AED94332 /* /Users/jingouyang/Personal/Courseware/Surface_Registeration/zzzlib/Registeration/main.cpp */ = {isa = PBXBuildFile; fileRef = B99C8D5533C34876BB04A69C /* /Users/jingouyang/Personal/Courseware/Surface_Registeration/zzzlib/Registeration/main.cpp */; };
		F401C7E915D342EAB4F3410D /* /Users/jingouyang/Personal/Courseware/Surface_Registeration/zzzlib/Registeration/ToolMesh.h */ = {isa = PBXBuildFile; fileRef = 4EAE98D142D24381BA5732A8 /* /Users/jingouyang/Personal/Courseware/Surface_Registeration/zzzlib/Registeration/ToolMesh.h */; };
		FDA66421481D4D3FBB6ADED5 /* /Users/jingouyang/Personal/Courseware/Surface_Registeration/zzzlib/Registeration/MeshBuilder.h */ = {isa = PBXBuildFile; fileRef = 4B6C833BEBF54E8F926DB87C /* /Users/jingouyang/Personal/Courseware/Surface_Registeration/zzzlib/Registeration/MeshBuilder.h */; };
/* End PBXBuildFile section */

/* Begin PBXBuildStyle section */
		2F5FEF7D84774DA8BD2AAE55 /* Debug */ = {
			isa = PBXBuildStyle;
			buildSettings = {
				COPY_PHASE_STRIP = NO;
			};
			name = Debug;
		};
		3730A9777DCC48AA92D2FA87 /* MinSizeRel */ = {
			isa = PBXBuildStyle;
			buildSettings = {
				COPY_PHASE_STRIP = NO;
			};
			name = MinSizeRel;
		};
		EC5BE3570ABF4B90A1836F0A /* RelWithDebInfo */ = {
			isa = PBXBuildStyle;
			buildSettings = {
				COPY_PHASE_STRIP = NO;
			};
			name = RelWithDebInfo;
		};
		F46C6F21E1CF4A10B0A40032 /* Release */ = {
			isa = PBXBuildStyle;
			buildSettings = {
				COPY_PHASE_STRIP = NO;
			};
			name = Release;
		};
/* End PBXBuildStyle section */

/* Begin PBXContainerItemProxy section */
		0EF2474715EB418C9249D0BF /* PBXContainerItemProxy */ = {
			isa = PBXContainerItemProxy;
			containerPortal = 5AB2ADB10DF140E5B62958D8 /* Project object */;
			proxyType = 1;
			remoteGlobalIDString = 8FB0FDB93AD5463B9E19260C;
			remoteInfo = ZERO_CHECK;
		};
		17A6131D5FA24DC08B5A9092 /* PBXContainerItemProxy */ = {
			isa = PBXContainerItemProxy;
			containerPortal = 5AB2ADB10DF140E5B62958D8 /* Project object */;
			proxyType = 1;
			remoteGlobalIDString = 41CE556ED58B49318BE3948D;
			remoteInfo = Registeration;
		};
		1B709956F4DD4137B6369F27 /* PBXContainerItemProxy */ = {
			isa = PBXContainerItemProxy;
			containerPortal = 5AB2ADB10DF140E5B62958D8 /* Project object */;
			proxyType = 1;
			remoteGlobalIDString = 8FB0FDB93AD5463B9E19260C;
			remoteInfo = ZERO_CHECK;
		};
/* End PBXContainerItemProxy section */

/* Begin PBXFileReference section */
		06C385C757524FF3A8F08FB2 /* /Users/jingouyang/Personal/Courseware/Surface_Registeration/zzzlib/Registeration/Getpoint.h */ = {isa = PBXFileReference; explicitFileType = sourcecode.c.h; fileEncoding = 4; name = Getpoint.h; path = Getpoint.h; sourceTree = SOURCE_ROOT; };
		0B090391EE754D0F911DE983 /* /Users/jingouyang/Personal/Courseware/Surface_Registeration/zzzlib/Registeration/CMakeLists.txt */ = {isa = PBXFileReference; explicitFileType = sourcecode.text; fileEncoding = 4; name = CMakeLists.txt; path = CMakeLists.txt; sourceTree = SOURCE_ROOT; };
		17CC5E8721204521BB79A1F9 /* Registeration */ = {isa = PBXFileReference; explicitFileType = "compiled.mach-o.executable"; path = Registeration; sourceTree = BUILT_PRODUCTS_DIR; };
		4B6C833BEBF54E8F926DB87C /* /Users/jingouyang/Personal/Courseware/Surface_Registeration/zzzlib/Registeration/MeshBuilder.h */ = {isa = PBXFileReference; explicitFileType = sourcecode.c.h; fileEncoding = 4; name = MeshBuilder.h; path = MeshBuilder.h; sourceTree = SOURCE_ROOT; };
		4EAE98D142D24381BA5732A8 /* /Users/jingouyang/Personal/Courseware/Surface_Registeration/zzzlib/Registeration/ToolMesh.h */ = {isa = PBXFileReference; explicitFileType = sourcecode.c.h; fileEncoding = 4; name = ToolMesh.h; path = ToolMesh.h; sourceTree = SOURCE_ROOT; };
		5897332310EE4DAABFF4D0AB /* /Users/jingouyang/Personal/Courseware/Surface_Registeration/zzzlib/Registeration/CGetpoint.cpp */ = {isa = PBXFileReference; explicitFileType = sourcecode.cpp.cpp; fileEncoding = 4; name = CGetpoint.cpp; path = CGetpoint.cpp; sourceTree = SOURCE_ROOT; };
		6C9DB31194FE4BFBA715B877 /* /Users/jingouyang/Personal/Courseware/Surface_Registeration/zzzlib/Registeration/Registeration.h */ = {isa = PBXFileReference; explicitFileType = sourcecode.c.h; fileEncoding = 4; name = Registeration.h; path = Registeration.h; sourceTree = SOURCE_ROOT; };
		79DB1263D8D04E3285CB9509 /* /Users/jingouyang/Personal/Courseware/Surface_Registeration/zzzlib/Registeration/CGetPoint.h */ = {isa = PBXFileReference; explicitFileType = sourcecode.c.h; fileEncoding = 4; name = CGetPoint.h; path = CGetPoint.h; sourceTree = SOURCE_ROOT; };
		B4B00F222E304AEAB79F629F /* /Users/jingouyang/Personal/Courseware/Surface_Registeration/zzzlib/Registeration/Tool.h */ = {isa = PBXFileReference; explicitFileType = sourcecode.c.h; fileEncoding = 4; name = Tool.h; path = Tool.h; sourceTree = SOURCE_ROOT; };
		B99C8D5533C34876BB04A69C /* /Users/jingouyang/Personal/Courseware/Surface_Registeration/zzzlib/Registeration/main.cpp */ = {isa = PBXFileReference; explicitFileType = sourcecode.cpp.cpp; fileEncoding = 4; name = main.cpp; path = main.cpp; sourceTree = SOURCE_ROOT; };
		F46FF48D14494D628B912D3C /* /Users/jingouyang/Personal/Courseware/Surface_Registeration/zzzlib/Registeration/CMakeLists.txt */ = {isa = PBXFileReference; explicitFileType = sourcecode.text; fileEncoding = 4; name = CMakeLists.txt; path = CMakeLists.txt; sourceTree = SOURCE_ROOT; };
		F8394ED877BB48BEA47CDECF /* /Users/jingouyang/Personal/Courseware/Surface_Registeration/zzzlib/Registeration/Registeration.cpp */ = {isa = PBXFileReference; explicitFileType = sourcecode.cpp.cpp; fileEncoding = 4; name = Registeration.cpp; path = Registeration.cpp; sourceTree = SOURCE_ROOT; };
/* End PBXFileReference section */

/* Begin PBXFrameworksBuildPhase section */
		A707B65C3FD44C9F9A16D5D4 /* Frameworks */ = {
			isa = PBXFrameworksBuildPhase;
			buildActionMask = 2147483647;
			files = (
			);
			runOnlyForDeploymentPostprocessing = 0;
		};
/* End PBXFrameworksBuildPhase section */

/* Begin PBXGroup section */
		09E297A69022473285A980C0 /* ALL_BUILD */ = {
			isa = PBXGroup;
			children = (
				EF583657A70F4045A00EF23E /* CMake Rules */,
				F46FF48D14494D628B912D3C /* /Users/jingouyang/Personal/Courseware/Surface_Registeration/zzzlib/Registeration/CMakeLists.txt */,
			);
			name = ALL_BUILD;
			sourceTree = "<group>";
		};
		17C33535302E4A168BEB4D15 = {
			isa = PBXGroup;
			children = (
				B71288ABA00C44069AD595EE /* Registeration */,
				09E297A69022473285A980C0 /* ALL_BUILD */,
				1B3F6E24E7244EAEAC68A87A /* Products */,
				D7ECBBC4C795437187027635 /* Frameworks */,
			);
			sourceTree = "<group>";
		};
		1B3F6E24E7244EAEAC68A87A /* Products */ = {
			isa = PBXGroup;
			children = (
				17CC5E8721204521BB79A1F9 /* Registeration */,
			);
			name = Products;
			sourceTree = "<group>";
		};
		23707B2D8B6A4A8B8630518D /* Source Files */ = {
			isa = PBXGroup;
			children = (
				5897332310EE4DAABFF4D0AB /* /Users/jingouyang/Personal/Courseware/Surface_Registeration/zzzlib/Registeration/CGetpoint.cpp */,
				F8394ED877BB48BEA47CDECF /* /Users/jingouyang/Personal/Courseware/Surface_Registeration/zzzlib/Registeration/Registeration.cpp */,
				B99C8D5533C34876BB04A69C /* /Users/jingouyang/Personal/Courseware/Surface_Registeration/zzzlib/Registeration/main.cpp */,
			);
			name = "Source Files";
			sourceTree = "<group>";
		};
		B71288ABA00C44069AD595EE /* Registeration */ = {
			isa = PBXGroup;
			children = (
				23707B2D8B6A4A8B8630518D /* Source Files */,
				F8AACB713F20438BBC324A7D /* Header Files */,
				0B090391EE754D0F911DE983 /* /Users/jingouyang/Personal/Courseware/Surface_Registeration/zzzlib/Registeration/CMakeLists.txt */,
			);
			name = Registeration;
			sourceTree = "<group>";
		};
		D7ECBBC4C795437187027635 /* Frameworks */ = {
			isa = PBXGroup;
			children = (
			);
			name = Frameworks;
			sourceTree = "<group>";
		};
		EF583657A70F4045A00EF23E /* CMake Rules */ = {
			isa = PBXGroup;
			children = (
			);
			name = "CMake Rules";
			sourceTree = "<group>";
		};
		F8AACB713F20438BBC324A7D /* Header Files */ = {
			isa = PBXGroup;
			children = (
				79DB1263D8D04E3285CB9509 /* /Users/jingouyang/Personal/Courseware/Surface_Registeration/zzzlib/Registeration/CGetPoint.h */,
				06C385C757524FF3A8F08FB2 /* /Users/jingouyang/Personal/Courseware/Surface_Registeration/zzzlib/Registeration/Getpoint.h */,
				4B6C833BEBF54E8F926DB87C /* /Users/jingouyang/Personal/Courseware/Surface_Registeration/zzzlib/Registeration/MeshBuilder.h */,
				6C9DB31194FE4BFBA715B877 /* /Users/jingouyang/Personal/Courseware/Surface_Registeration/zzzlib/Registeration/Registeration.h */,
				B4B00F222E304AEAB79F629F /* /Users/jingouyang/Personal/Courseware/Surface_Registeration/zzzlib/Registeration/Tool.h */,
				4EAE98D142D24381BA5732A8 /* /Users/jingouyang/Personal/Courseware/Surface_Registeration/zzzlib/Registeration/ToolMesh.h */,
			);
			name = "Header Files";
			sourceTree = "<group>";
		};
/* End PBXGroup section */

/* Begin PBXNativeTarget section */
		41CE556ED58B49318BE3948D /* Registeration */ = {
			isa = PBXNativeTarget;
			buildConfigurationList = B7A6207ED69046FFA4D8F7F6 /* Build configuration list for PBXNativeTarget "Registeration" */;
			buildPhases = (
				BA1F4FC42D104CF3AF71B16C /* Sources */,
				A707B65C3FD44C9F9A16D5D4 /* Frameworks */,
			);
			buildRules = (
			);
			dependencies = (
				8C426C6A6829433B94D11796 /* PBXTargetDependency */,
			);
			name = Registeration;
			productName = Registeration;
			productReference = 17CC5E8721204521BB79A1F9 /* Registeration */;
			productType = "com.apple.product-type.tool";
		};
/* End PBXNativeTarget section */

/* Begin PBXProject section */
		5AB2ADB10DF140E5B62958D8 /* Project object */ = {
			isa = PBXProject;
			attributes = {
				BuildIndependentTargetsInParallel = YES;
				LastUpgradeCheck = 1420;
			};
			buildConfigurationList = 88915E8DF7C34F9C9EC0F2A2 /* Build configuration list for PBXProject "Registeration" */;
			buildSettings = {
			};
			buildStyles = (
				2F5FEF7D84774DA8BD2AAE55 /* Debug */,
				F46C6F21E1CF4A10B0A40032 /* Release */,
				3730A9777DCC48AA92D2FA87 /* MinSizeRel */,
				EC5BE3570ABF4B90A1836F0A /* RelWithDebInfo */,
			);
			compatibilityVersion = "Xcode 3.2";
			hasScannedForEncodings = 0;
			mainGroup = 17C33535302E4A168BEB4D15;
			projectDirPath = /Users/jingouyang/Personal/Courseware/Surface_Registeration/zzzlib/Registeration;
			projectRoot = "";
			targets = (
				CB4E4EBC1BC14579B70D7564 /* ALL_BUILD */,
				41CE556ED58B49318BE3948D /* Registeration */,
				8FB0FDB93AD5463B9E19260C /* ZERO_CHECK */,
			);
		};
/* End PBXProject section */

/* Begin PBXShellScriptBuildPhase section */
		1C43A19B85AE8950D988DCAF /* Generate CMakeFiles/ALL_BUILD */ = {
			isa = PBXShellScriptBuildPhase;
			alwaysOutOfDate = 1;
			buildActionMask = 2147483647;
			files = (
			);
			inputPaths = (
			);
			name = "Generate CMakeFiles/ALL_BUILD";
			outputPaths = (
/Users/jingouyang/Personal/Courseware/Surface_Registeration/zzzlib/Registeration/Xcode/CMakeFiles/ALL_BUILD			);
			runOnlyForDeploymentPostprocessing = 0;
			shellPath = /bin/sh;
			shellScript = "set -e
if test \"$CONFIGURATION\" = \"Debug\"; then :
  cd /Users/jingouyang/Personal/Courseware/Surface_Registeration/zzzlib/Registeration/Xcode
  echo Build\\ all\\ projects
fi
if test \"$CONFIGURATION\" = \"Release\"; then :
  cd /Users/jingouyang/Personal/Courseware/Surface_Registeration/zzzlib/Registeration/Xcode
  echo Build\\ all\\ projects
fi
if test \"$CONFIGURATION\" = \"MinSizeRel\"; then :
  cd /Users/jingouyang/Personal/Courseware/Surface_Registeration/zzzlib/Registeration/Xcode
  echo Build\\ all\\ projects
fi
if test \"$CONFIGURATION\" = \"RelWithDebInfo\"; then :
  cd /Users/jingouyang/Personal/Courseware/Surface_Registeration/zzzlib/Registeration/Xcode
  echo Build\\ all\\ projects
fi
";
			showEnvVarsInLog = 0;
		};
		3C0110FC8322DE7E50886E21 = {
			isa = PBXShellScriptBuildPhase;
			buildActionMask = 2147483647;
			files = (
			);
			inputPaths = (
			);
			outputPaths = (
			);
			runOnlyForDeploymentPostprocessing = 0;
			shellPath = /bin/sh;
			shellScript = "# shell script goes here
exit 0";
			showEnvVarsInLog = 0;
		};
		98F10379A6CABBDAC4C7946C /* Generate CMakeFiles/ZERO_CHECK */ = {
			isa = PBXShellScriptBuildPhase;
			alwaysOutOfDate = 1;
			buildActionMask = 2147483647;
			files = (
			);
			inputPaths = (
			);
			name = "Generate CMakeFiles/ZERO_CHECK";
			outputPaths = (
/Users/jingouyang/Personal/Courseware/Surface_Registeration/zzzlib/Registeration/Xcode/CMakeFiles/ZERO_CHECK			);
			runOnlyForDeploymentPostprocessing = 0;
			shellPath = /bin/sh;
			shellScript = "set -e
if test \"$CONFIGURATION\" = \"Debug\"; then :
  cd /Users/jingouyang/Personal/Courseware/Surface_Registeration/zzzlib/Registeration/Xcode
  make -f /Users/jingouyang/Personal/Courseware/Surface_Registeration/zzzlib/Registeration/Xcode/CMakeScripts/ReRunCMake.make
fi
if test \"$CONFIGURATION\" = \"Release\"; then :
  cd /Users/jingouyang/Personal/Courseware/Surface_Registeration/zzzlib/Registeration/Xcode
  make -f /Users/jingouyang/Personal/Courseware/Surface_Registeration/zzzlib/Registeration/Xcode/CMakeScripts/ReRunCMake.make
fi
if test \"$CONFIGURATION\" = \"MinSizeRel\"; then :
  cd /Users/jingouyang/Personal/Courseware/Surface_Registeration/zzzlib/Registeration/Xcode
  make -f /Users/jingouyang/Personal/Courseware/Surface_Registeration/zzzlib/Registeration/Xcode/CMakeScripts/ReRunCMake.make
fi
if test \"$CONFIGURATION\" = \"RelWithDebInfo\"; then :
  cd /Users/jingouyang/Personal/Courseware/Surface_Registeration/zzzlib/Registeration/Xcode
  make -f /Users/jingouyang/Personal/Courseware/Surface_Registeration/zzzlib/Registeration/Xcode/CMakeScripts/ReRunCMake.make
fi
";
			showEnvVarsInLog = 0;
		};
		9B50530E35CC49C82C2FACCF = {
			isa = PBXShellScriptBuildPhase;
			buildActionMask = 2147483647;
			files = (
			);
			inputPaths = (
			);
			outputPaths = (
			);
			runOnlyForDeploymentPostprocessing = 0;
			shellPath = /bin/sh;
			shellScript = "# shell script goes here
exit 0";
			showEnvVarsInLog = 0;
		};
/* End PBXShellScriptBuildPhase section */

/* Begin PBXSourcesBuildPhase section */
		BA1F4FC42D104CF3AF71B16C /* Sources */ = {
			isa = PBXSourcesBuildPhase;
			buildActionMask = 2147483647;
			files = (
				8BEBFBD3AFC745C2800756E0 /* /Users/jingouyang/Personal/Courseware/Surface_Registeration/zzzlib/Registeration/CGetpoint.cpp */,
				296398A03AC14F3EAF37352F /* /Users/jingouyang/Personal/Courseware/Surface_Registeration/zzzlib/Registeration/Registeration.cpp */,
				A1D1F58CD2944476AED94332 /* /Users/jingouyang/Personal/Courseware/Surface_Registeration/zzzlib/Registeration/main.cpp */,
			);
			runOnlyForDeploymentPostprocessing = 0;
		};
/* End PBXSourcesBuildPhase section */

/* Begin PBXTargetDependency section */
		314DC17ED47944898B9981AE /* PBXTargetDependency */ = {
			isa = PBXTargetDependency;
			target = 41CE556ED58B49318BE3948D /* Registeration */;
			targetProxy = 17A6131D5FA24DC08B5A9092 /* PBXContainerItemProxy */;
		};
		8C426C6A6829433B94D11796 /* PBXTargetDependency */ = {
			isa = PBXTargetDependency;
			target = 8FB0FDB93AD5463B9E19260C /* ZERO_CHECK */;
			targetProxy = 0EF2474715EB418C9249D0BF /* PBXContainerItemProxy */;
		};
		DF075CCD2C1241CB8A47C8AE /* PBXTargetDependency */ = {
			isa = PBXTargetDependency;
			target = 8FB0FDB93AD5463B9E19260C /* ZERO_CHECK */;
			targetProxy = 1B709956F4DD4137B6369F27 /* PBXContainerItemProxy */;
		};
/* End PBXTargetDependency section */

/* Begin XCBuildConfiguration section */
		0B589E7C4E434EAEA9172420 /* Debug */ = {
			isa = XCBuildConfiguration;
			buildSettings = {
				ARCHS = arm64;
				SDKROOT = /Applications/Xcode.app/Contents/Developer/Platforms/MacOSX.platform/Developer/SDKs/MacOSX13.1.sdk;
				SYMROOT = /Users/jingouyang/Personal/Courseware/Surface_Registeration/zzzlib/Registeration/Xcode/build;
			};
			name = Debug;
		};
		17CCA5BCB9024462A6C3C857 /* RelWithDebInfo */ = {
			isa = XCBuildConfiguration;
			buildSettings = {
				ALWAYS_SEARCH_USER_PATHS = NO;
				ARCHS = arm64;
				COMBINE_HIDPI_IMAGES = YES;
				GCC_GENERATE_DEBUGGING_SYMBOLS = YES;
				GCC_INLINES_ARE_PRIVATE_EXTERN = NO;
				GCC_OPTIMIZATION_LEVEL = 0;
				GCC_PREPROCESSOR_DEFINITIONS = ("'CMAKE_INTDIR=\"$(CONFIGURATION)$(EFFECTIVE_PLATFORM_NAME)\"'","$(inherited)");
				GCC_SYMBOLS_PRIVATE_EXTERN = NO;
				INSTALL_PATH = "";
				ONLY_ACTIVE_ARCH = NO;
				OTHER_LDFLAGS = ("","$(inherited)");
				OTHER_REZFLAGS = "";
				PRODUCT_NAME = ALL_BUILD;
				SECTORDER_FLAGS = "";
				USE_HEADERMAP = NO;
				WARNING_CFLAGS = ("$(inherited)");
			};
			name = RelWithDebInfo;
		};
		1986A9B749D94B288FCDF5E8 /* Debug */ = {
			isa = XCBuildConfiguration;
			buildSettings = {
				ALWAYS_SEARCH_USER_PATHS = NO;
				ARCHS = arm64;
				COMBINE_HIDPI_IMAGES = YES;
				CONFIGURATION_BUILD_DIR = /Users/jingouyang/Personal/Courseware/Surface_Registeration/zzzlib/Registeration/Xcode/Debug;
				EXECUTABLE_PREFIX = "";
				EXECUTABLE_SUFFIX = "";
				GCC_GENERATE_DEBUGGING_SYMBOLS = YES;
				GCC_INLINES_ARE_PRIVATE_EXTERN = NO;
				GCC_OPTIMIZATION_LEVEL = 0;
				GCC_PREPROCESSOR_DEFINITIONS = ("'CMAKE_INTDIR=\"$(CONFIGURATION)$(EFFECTIVE_PLATFORM_NAME)\"'","$(inherited)");
				GCC_SYMBOLS_PRIVATE_EXTERN = NO;
				HEADER_SEARCH_PATHS = (/Users/jingouyang/Personal/Courseware/Surface_Registeration/zzzlib/Registeration/spectra/1.0.1/include,"/Users/jingouyang/Personal/Courseware/Surface_Registeration/zzzlib/Registeration/eigen-3.4.0",/Users/jingouyang/Personal/Courseware/Surface_Registeration/zzzlib/Registeration/Meshlib,/Users/jingouyang/Personal/Courseware/Surface_Registeration/zzzlib/Registeration/basic_opengl,/Users/jingouyang/Personal/Courseware/Surface_Registeration/zzzlib/Registeration/TMeshlib,/Users/jingouyang/Personal/Courseware/Surface_Registeration/zzzlib/Registeration/freeglut,"$(inherited)");
				INSTALL_PATH = "";
				LD_RUNPATH_SEARCH_PATHS = ("/usr/local/lib /opt/homebrew/anaconda3/lib","$(inherited)");
				ONLY_ACTIVE_ARCH = NO;
				OTHER_CPLUSPLUSFLAGS = "   '-std=gnu++17' ";
				OTHER_LDFLAGS = (" -Wl,-search_paths_first -Wl,-headerpad_max_install_names",/usr/local/lib/libOsqpEigen.0.8.1.dylib,/opt/homebrew/anaconda3/lib/libosqp.dylib,"$(inherited)");
				OTHER_REZFLAGS = "";
				PRODUCT_NAME = Registeration;
				SECTORDER_FLAGS = "";
				SYSTEM_HEADER_SEARCH_PATHS = (/usr/local/include,/opt/homebrew/anaconda3/include/osqp,/opt/homebrew/anaconda3/include/eigen3,"$(inherited)");
				TARGET_TEMP_DIR = "/Users/jingouyang/Personal/Courseware/Surface_Registeration/zzzlib/Registeration/Xcode/build/Registeration.build/$(CONFIGURATION)$(EFFECTIVE_PLATFORM_NAME)";
				USE_HEADERMAP = NO;
				WARNING_CFLAGS = ("$(inherited)");
			};
			name = Debug;
		};
		1A28BAF7F27440E6B396A903 /* MinSizeRel */ = {
			isa = XCBuildConfiguration;
			buildSettings = {
				ALWAYS_SEARCH_USER_PATHS = NO;
				ARCHS = arm64;
				COMBINE_HIDPI_IMAGES = YES;
				CONFIGURATION_BUILD_DIR = /Users/jingouyang/Personal/Courseware/Surface_Registeration/zzzlib/Registeration/Xcode/MinSizeRel;
				EXECUTABLE_PREFIX = "";
				EXECUTABLE_SUFFIX = "";
				GCC_GENERATE_DEBUGGING_SYMBOLS = NO;
				GCC_INLINES_ARE_PRIVATE_EXTERN = NO;
				GCC_OPTIMIZATION_LEVEL = s;
				GCC_PREPROCESSOR_DEFINITIONS = ("'CMAKE_INTDIR=\"$(CONFIGURATION)$(EFFECTIVE_PLATFORM_NAME)\"'","$(inherited)");
				GCC_SYMBOLS_PRIVATE_EXTERN = NO;
				HEADER_SEARCH_PATHS = (/Users/jingouyang/Personal/Courseware/Surface_Registeration/zzzlib/Registeration/spectra/1.0.1/include,"/Users/jingouyang/Personal/Courseware/Surface_Registeration/zzzlib/Registeration/eigen-3.4.0",/Users/jingouyang/Personal/Courseware/Surface_Registeration/zzzlib/Registeration/Meshlib,/Users/jingouyang/Personal/Courseware/Surface_Registeration/zzzlib/Registeration/basic_opengl,/Users/jingouyang/Personal/Courseware/Surface_Registeration/zzzlib/Registeration/TMeshlib,/Users/jingouyang/Personal/Courseware/Surface_Registeration/zzzlib/Registeration/freeglut,"$(inherited)");
				INSTALL_PATH = "";
				LD_RUNPATH_SEARCH_PATHS = ("/usr/local/lib /opt/homebrew/anaconda3/lib","$(inherited)");
				ONLY_ACTIVE_ARCH = NO;
				OTHER_CPLUSPLUSFLAGS = "    -DNDEBUG '-std=gnu++17' ";
				OTHER_LDFLAGS = (" -Wl,-search_paths_first -Wl,-headerpad_max_install_names",/usr/local/lib/libOsqpEigen.0.8.1.dylib,/opt/homebrew/anaconda3/lib/libosqp.dylib,"$(inherited)");
				OTHER_REZFLAGS = "";
				PRODUCT_NAME = Registeration;
				SECTORDER_FLAGS = "";
				SYSTEM_HEADER_SEARCH_PATHS = (/usr/local/include,/opt/homebrew/anaconda3/include/osqp,/opt/homebrew/anaconda3/include/eigen3,"$(inherited)");
				TARGET_TEMP_DIR = "/Users/jingouyang/Personal/Courseware/Surface_Registeration/zzzlib/Registeration/Xcode/build/Registeration.build/$(CONFIGURATION)$(EFFECTIVE_PLATFORM_NAME)";
				USE_HEADERMAP = NO;
				WARNING_CFLAGS = ("$(inherited)");
			};
			name = MinSizeRel;
		};
		21D4AF37DD6945BC87AA6E14 /* MinSizeRel */ = {
			isa = XCBuildConfiguration;
			buildSettings = {
				ARCHS = arm64;
				SDKROOT = /Applications/Xcode.app/Contents/Developer/Platforms/MacOSX.platform/Developer/SDKs/MacOSX13.1.sdk;
				SWIFT_COMPILATION_MODE = wholemodule;
				SYMROOT = /Users/jingouyang/Personal/Courseware/Surface_Registeration/zzzlib/Registeration/Xcode/build;
			};
			name = MinSizeRel;
		};
		328545B915624FAA859E796D /* Debug */ = {
			isa = XCBuildConfiguration;
			buildSettings = {
				ALWAYS_SEARCH_USER_PATHS = NO;
				ARCHS = arm64;
				COMBINE_HIDPI_IMAGES = YES;
				GCC_GENERATE_DEBUGGING_SYMBOLS = YES;
				GCC_INLINES_ARE_PRIVATE_EXTERN = NO;
				GCC_OPTIMIZATION_LEVEL = 0;
				GCC_PREPROCESSOR_DEFINITIONS = ("'CMAKE_INTDIR=\"$(CONFIGURATION)$(EFFECTIVE_PLATFORM_NAME)\"'","$(inherited)");
				GCC_SYMBOLS_PRIVATE_EXTERN = NO;
				INSTALL_PATH = "";
				ONLY_ACTIVE_ARCH = NO;
				OTHER_LDFLAGS = ("","$(inherited)");
				OTHER_REZFLAGS = "";
				PRODUCT_NAME = ZERO_CHECK;
				SECTORDER_FLAGS = "";
				USE_HEADERMAP = NO;
				WARNING_CFLAGS = ("$(inherited)");
			};
			name = Debug;
		};
		6ABE116A75194DF496CFB81E /* Debug */ = {
			isa = XCBuildConfiguration;
			buildSettings = {
				ALWAYS_SEARCH_USER_PATHS = NO;
				ARCHS = arm64;
				COMBINE_HIDPI_IMAGES = YES;
				GCC_GENERATE_DEBUGGING_SYMBOLS = YES;
				GCC_INLINES_ARE_PRIVATE_EXTERN = NO;
				GCC_OPTIMIZATION_LEVEL = 0;
				GCC_PREPROCESSOR_DEFINITIONS = ("'CMAKE_INTDIR=\"$(CONFIGURATION)$(EFFECTIVE_PLATFORM_NAME)\"'","$(inherited)");
				GCC_SYMBOLS_PRIVATE_EXTERN = NO;
				INSTALL_PATH = "";
				ONLY_ACTIVE_ARCH = NO;
				OTHER_LDFLAGS = ("","$(inherited)");
				OTHER_REZFLAGS = "";
				PRODUCT_NAME = ALL_BUILD;
				SECTORDER_FLAGS = "";
				USE_HEADERMAP = NO;
				WARNING_CFLAGS = ("$(inherited)");
			};
			name = Debug;
		};
		6BE8FB9BFB3D49ABA6A7947B /* RelWithDebInfo */ = {
			isa = XCBuildConfiguration;
			buildSettings = {
				ALWAYS_SEARCH_USER_PATHS = NO;
				ARCHS = arm64;
				COMBINE_HIDPI_IMAGES = YES;
				GCC_GENERATE_DEBUGGING_SYMBOLS = YES;
				GCC_INLINES_ARE_PRIVATE_EXTERN = NO;
				GCC_OPTIMIZATION_LEVEL = 0;
				GCC_PREPROCESSOR_DEFINITIONS = ("'CMAKE_INTDIR=\"$(CONFIGURATION)$(EFFECTIVE_PLATFORM_NAME)\"'","$(inherited)");
				GCC_SYMBOLS_PRIVATE_EXTERN = NO;
				INSTALL_PATH = "";
				ONLY_ACTIVE_ARCH = NO;
				OTHER_LDFLAGS = ("","$(inherited)");
				OTHER_REZFLAGS = "";
				PRODUCT_NAME = ZERO_CHECK;
				SECTORDER_FLAGS = "";
				USE_HEADERMAP = NO;
				WARNING_CFLAGS = ("$(inherited)");
			};
			name = RelWithDebInfo;
		};
		6DE47B9CDC8C4EA18ADE1357 /* Release */ = {
			isa = XCBuildConfiguration;
			buildSettings = {
				ALWAYS_SEARCH_USER_PATHS = NO;
				ARCHS = arm64;
				COMBINE_HIDPI_IMAGES = YES;
				GCC_GENERATE_DEBUGGING_SYMBOLS = YES;
				GCC_INLINES_ARE_PRIVATE_EXTERN = NO;
				GCC_OPTIMIZATION_LEVEL = 0;
				GCC_PREPROCESSOR_DEFINITIONS = ("'CMAKE_INTDIR=\"$(CONFIGURATION)$(EFFECTIVE_PLATFORM_NAME)\"'","$(inherited)");
				GCC_SYMBOLS_PRIVATE_EXTERN = NO;
				INSTALL_PATH = "";
				ONLY_ACTIVE_ARCH = NO;
				OTHER_LDFLAGS = ("","$(inherited)");
				OTHER_REZFLAGS = "";
				PRODUCT_NAME = ZERO_CHECK;
				SECTORDER_FLAGS = "";
				USE_HEADERMAP = NO;
				WARNING_CFLAGS = ("$(inherited)");
			};
			name = Release;
		};
		98C7081AB6204FE88CF36683 /* RelWithDebInfo */ = {
			isa = XCBuildConfiguration;
			buildSettings = {
				ALWAYS_SEARCH_USER_PATHS = NO;
				ARCHS = arm64;
				COMBINE_HIDPI_IMAGES = YES;
				CONFIGURATION_BUILD_DIR = /Users/jingouyang/Personal/Courseware/Surface_Registeration/zzzlib/Registeration/Xcode/RelWithDebInfo;
				EXECUTABLE_PREFIX = "";
				EXECUTABLE_SUFFIX = "";
				GCC_GENERATE_DEBUGGING_SYMBOLS = YES;
				GCC_INLINES_ARE_PRIVATE_EXTERN = NO;
				GCC_OPTIMIZATION_LEVEL = 2;
				GCC_PREPROCESSOR_DEFINITIONS = ("'CMAKE_INTDIR=\"$(CONFIGURATION)$(EFFECTIVE_PLATFORM_NAME)\"'","$(inherited)");
				GCC_SYMBOLS_PRIVATE_EXTERN = NO;
				HEADER_SEARCH_PATHS = (/Users/jingouyang/Personal/Courseware/Surface_Registeration/zzzlib/Registeration/spectra/1.0.1/include,"/Users/jingouyang/Personal/Courseware/Surface_Registeration/zzzlib/Registeration/eigen-3.4.0",/Users/jingouyang/Personal/Courseware/Surface_Registeration/zzzlib/Registeration/Meshlib,/Users/jingouyang/Personal/Courseware/Surface_Registeration/zzzlib/Registeration/basic_opengl,/Users/jingouyang/Personal/Courseware/Surface_Registeration/zzzlib/Registeration/TMeshlib,/Users/jingouyang/Personal/Courseware/Surface_Registeration/zzzlib/Registeration/freeglut,"$(inherited)");
				INSTALL_PATH = "";
				LD_RUNPATH_SEARCH_PATHS = ("/usr/local/lib /opt/homebrew/anaconda3/lib","$(inherited)");
				ONLY_ACTIVE_ARCH = NO;
				OTHER_CPLUSPLUSFLAGS = "       -DNDEBUG '-std=gnu++17' ";
				OTHER_LDFLAGS = (" -Wl,-search_paths_first -Wl,-headerpad_max_install_names",/usr/local/lib/libOsqpEigen.0.8.1.dylib,/opt/homebrew/anaconda3/lib/libosqp.dylib,"$(inherited)");
				OTHER_REZFLAGS = "";
				PRODUCT_NAME = Registeration;
				SECTORDER_FLAGS = "";
				SYSTEM_HEADER_SEARCH_PATHS = (/usr/local/include,/opt/homebrew/anaconda3/include/osqp,/opt/homebrew/anaconda3/include/eigen3,"$(inherited)");
				TARGET_TEMP_DIR = "/Users/jingouyang/Personal/Courseware/Surface_Registeration/zzzlib/Registeration/Xcode/build/Registeration.build/$(CONFIGURATION)$(EFFECTIVE_PLATFORM_NAME)";
				USE_HEADERMAP = NO;
				WARNING_CFLAGS = ("$(inherited)");
			};
			name = RelWithDebInfo;
		};
		A3CA5332711B45228A51E238 /* MinSizeRel */ = {
			isa = XCBuildConfiguration;
			buildSettings = {
				ALWAYS_SEARCH_USER_PATHS = NO;
				ARCHS = arm64;
				COMBINE_HIDPI_IMAGES = YES;
				GCC_GENERATE_DEBUGGING_SYMBOLS = YES;
				GCC_INLINES_ARE_PRIVATE_EXTERN = NO;
				GCC_OPTIMIZATION_LEVEL = 0;
				GCC_PREPROCESSOR_DEFINITIONS = ("'CMAKE_INTDIR=\"$(CONFIGURATION)$(EFFECTIVE_PLATFORM_NAME)\"'","$(inherited)");
				GCC_SYMBOLS_PRIVATE_EXTERN = NO;
				INSTALL_PATH = "";
				ONLY_ACTIVE_ARCH = NO;
				OTHER_LDFLAGS = ("","$(inherited)");
				OTHER_REZFLAGS = "";
				PRODUCT_NAME = ALL_BUILD;
				SECTORDER_FLAGS = "";
				USE_HEADERMAP = NO;
				WARNING_CFLAGS = ("$(inherited)");
			};
			name = MinSizeRel;
		};
		A8AF738CBDB9486CA415114D /* MinSizeRel */ = {
			isa = XCBuildConfiguration;
			buildSettings = {
				ALWAYS_SEARCH_USER_PATHS = NO;
				ARCHS = arm64;
				COMBINE_HIDPI_IMAGES = YES;
				GCC_GENERATE_DEBUGGING_SYMBOLS = YES;
				GCC_INLINES_ARE_PRIVATE_EXTERN = NO;
				GCC_OPTIMIZATION_LEVEL = 0;
				GCC_PREPROCESSOR_DEFINITIONS = ("'CMAKE_INTDIR=\"$(CONFIGURATION)$(EFFECTIVE_PLATFORM_NAME)\"'","$(inherited)");
				GCC_SYMBOLS_PRIVATE_EXTERN = NO;
				INSTALL_PATH = "";
				ONLY_ACTIVE_ARCH = NO;
				OTHER_LDFLAGS = ("","$(inherited)");
				OTHER_REZFLAGS = "";
				PRODUCT_NAME = ZERO_CHECK;
				SECTORDER_FLAGS = "";
				USE_HEADERMAP = NO;
				WARNING_CFLAGS = ("$(inherited)");
			};
			name = MinSizeRel;
		};
		C16067265F944799A5E226F7 /* RelWithDebInfo */ = {
			isa = XCBuildConfiguration;
			buildSettings = {
				ARCHS = arm64;
				SDKROOT = /Applications/Xcode.app/Contents/Developer/Platforms/MacOSX.platform/Developer/SDKs/MacOSX13.1.sdk;
				SWIFT_COMPILATION_MODE = wholemodule;
				SYMROOT = /Users/jingouyang/Personal/Courseware/Surface_Registeration/zzzlib/Registeration/Xcode/build;
			};
			name = RelWithDebInfo;
		};
		C8B5C83D3F1941EEBFF9CD8C /* Release */ = {
			isa = XCBuildConfiguration;
			buildSettings = {
				ALWAYS_SEARCH_USER_PATHS = NO;
				ARCHS = arm64;
				COMBINE_HIDPI_IMAGES = YES;
				CONFIGURATION_BUILD_DIR = /Users/jingouyang/Personal/Courseware/Surface_Registeration/zzzlib/Registeration/Xcode/Release;
				EXECUTABLE_PREFIX = "";
				EXECUTABLE_SUFFIX = "";
				GCC_GENERATE_DEBUGGING_SYMBOLS = NO;
				GCC_INLINES_ARE_PRIVATE_EXTERN = NO;
				GCC_OPTIMIZATION_LEVEL = 3;
				GCC_PREPROCESSOR_DEFINITIONS = ("'CMAKE_INTDIR=\"$(CONFIGURATION)$(EFFECTIVE_PLATFORM_NAME)\"'","$(inherited)");
				GCC_SYMBOLS_PRIVATE_EXTERN = NO;
				HEADER_SEARCH_PATHS = (/Users/jingouyang/Personal/Courseware/Surface_Registeration/zzzlib/Registeration/spectra/1.0.1/include,"/Users/jingouyang/Personal/Courseware/Surface_Registeration/zzzlib/Registeration/eigen-3.4.0",/Users/jingouyang/Personal/Courseware/Surface_Registeration/zzzlib/Registeration/Meshlib,/Users/jingouyang/Personal/Courseware/Surface_Registeration/zzzlib/Registeration/basic_opengl,/Users/jingouyang/Personal/Courseware/Surface_Registeration/zzzlib/Registeration/TMeshlib,/Users/jingouyang/Personal/Courseware/Surface_Registeration/zzzlib/Registeration/freeglut,"$(inherited)");
				INSTALL_PATH = "";
				LD_RUNPATH_SEARCH_PATHS = ("/usr/local/lib /opt/homebrew/anaconda3/lib","$(inherited)");
				ONLY_ACTIVE_ARCH = NO;
				OTHER_CPLUSPLUSFLAGS = "    -DNDEBUG '-std=gnu++17' ";
				OTHER_LDFLAGS = (" -Wl,-search_paths_first -Wl,-headerpad_max_install_names",/usr/local/lib/libOsqpEigen.0.8.1.dylib,/opt/homebrew/anaconda3/lib/libosqp.dylib,"$(inherited)");
				OTHER_REZFLAGS = "";
				PRODUCT_NAME = Registeration;
				SECTORDER_FLAGS = "";
				SYSTEM_HEADER_SEARCH_PATHS = (/usr/local/include,/opt/homebrew/anaconda3/include/osqp,/opt/homebrew/anaconda3/include/eigen3,"$(inherited)");
				TARGET_TEMP_DIR = "/Users/jingouyang/Personal/Courseware/Surface_Registeration/zzzlib/Registeration/Xcode/build/Registeration.build/$(CONFIGURATION)$(EFFECTIVE_PLATFORM_NAME)";
				USE_HEADERMAP = NO;
				WARNING_CFLAGS = ("$(inherited)");
			};
			name = Release;
		};
		DA261DA12F334C53AE3042D2 /* Release */ = {
			isa = XCBuildConfiguration;
			buildSettings = {
				ALWAYS_SEARCH_USER_PATHS = NO;
				ARCHS = arm64;
				COMBINE_HIDPI_IMAGES = YES;
				GCC_GENERATE_DEBUGGING_SYMBOLS = YES;
				GCC_INLINES_ARE_PRIVATE_EXTERN = NO;
				GCC_OPTIMIZATION_LEVEL = 0;
				GCC_PREPROCESSOR_DEFINITIONS = ("'CMAKE_INTDIR=\"$(CONFIGURATION)$(EFFECTIVE_PLATFORM_NAME)\"'","$(inherited)");
				GCC_SYMBOLS_PRIVATE_EXTERN = NO;
				INSTALL_PATH = "";
				ONLY_ACTIVE_ARCH = NO;
				OTHER_LDFLAGS = ("","$(inherited)");
				OTHER_REZFLAGS = "";
				PRODUCT_NAME = ALL_BUILD;
				SECTORDER_FLAGS = "";
				USE_HEADERMAP = NO;
				WARNING_CFLAGS = ("$(inherited)");
			};
			name = Release;
		};
		DAF028B6034E48CBBC93FC13 /* Release */ = {
			isa = XCBuildConfiguration;
			buildSettings = {
				ARCHS = arm64;
				SDKROOT = /Applications/Xcode.app/Contents/Developer/Platforms/MacOSX.platform/Developer/SDKs/MacOSX13.1.sdk;
				SWIFT_COMPILATION_MODE = wholemodule;
				SYMROOT = /Users/jingouyang/Personal/Courseware/Surface_Registeration/zzzlib/Registeration/Xcode/build;
			};
			name = Release;
		};
/* End XCBuildConfiguration section */

/* Begin XCConfigurationList section */
		1A43B6BED5284F91A7769D21 /* Build configuration list for PBXAggregateTarget "ALL_BUILD" */ = {
			isa = XCConfigurationList;
			buildConfigurations = (
				6ABE116A75194DF496CFB81E /* Debug */,
				DA261DA12F334C53AE3042D2 /* Release */,
				A3CA5332711B45228A51E238 /* MinSizeRel */,
				17CCA5BCB9024462A6C3C857 /* RelWithDebInfo */,
			);
			defaultConfigurationIsVisible = 0;
			defaultConfigurationName = Debug;
		};
		5CA4A15DF6484B6997D24B2E /* Build configuration list for PBXAggregateTarget "ZERO_CHECK" */ = {
			isa = XCConfigurationList;
			buildConfigurations = (
				328545B915624FAA859E796D /* Debug */,
				6DE47B9CDC8C4EA18ADE1357 /* Release */,
				A8AF738CBDB9486CA415114D /* MinSizeRel */,
				6BE8FB9BFB3D49ABA6A7947B /* RelWithDebInfo */,
			);
			defaultConfigurationIsVisible = 0;
			defaultConfigurationName = Debug;
		};
		88915E8DF7C34F9C9EC0F2A2 /* Build configuration list for PBXProject "Registeration" */ = {
			isa = XCConfigurationList;
			buildConfigurations = (
				0B589E7C4E434EAEA9172420 /* Debug */,
				DAF028B6034E48CBBC93FC13 /* Release */,
				21D4AF37DD6945BC87AA6E14 /* MinSizeRel */,
				C16067265F944799A5E226F7 /* RelWithDebInfo */,
			);
			defaultConfigurationIsVisible = 0;
			defaultConfigurationName = Debug;
		};
		B7A6207ED69046FFA4D8F7F6 /* Build configuration list for PBXNativeTarget "Registeration" */ = {
			isa = XCConfigurationList;
			buildConfigurations = (
				1986A9B749D94B288FCDF5E8 /* Debug */,
				C8B5C83D3F1941EEBFF9CD8C /* Release */,
				1A28BAF7F27440E6B396A903 /* MinSizeRel */,
				98C7081AB6204FE88CF36683 /* RelWithDebInfo */,
			);
			defaultConfigurationIsVisible = 0;
			defaultConfigurationName = Debug;
		};
/* End XCConfigurationList section */
	};
	rootObject = 5AB2ADB10DF140E5B62958D8 /* Project object */;
}
