// !$*UTF8*$!
{
	archiveVersion = 1;
	classes = {
	};
	objectVersion = 46;
	objects = {

/* Begin PBXAggregateTarget section */
		8480F6F4359F4C6299A53D39 /* ALL_BUILD */ = {
			isa = PBXAggregateTarget;
			buildConfigurationList = 0F29D2359B7143CF8927A56D /* Build configuration list for PBXAggregateTarget "ALL_BUILD" */;
			buildPhases = (
				EAC62F5C32D5029D2525FA5A /* Generate CMakeFiles/ALL_BUILD */,
			);
			dependencies = (
				FF89A2BC3CC74C18A64D7120 /* PBXTargetDependency */,
				0ABA8BA735684AE4983AFE00 /* PBXTargetDependency */,
			);
			name = ALL_BUILD;
			productName = ALL_BUILD;
		};
		EB19B38D2A1547DFB9537E83 /* ZERO_CHECK */ = {
			isa = PBXAggregateTarget;
			buildConfigurationList = 9CDC42ED3D2B49E39791CBDB /* Build configuration list for PBXAggregateTarget "ZERO_CHECK" */;
			buildPhases = (
				6AD2D452695338AD65AEAAE3 /* Generate CMakeFiles/ZERO_CHECK */,
			);
			dependencies = (
			);
			name = ZERO_CHECK;
			productName = ZERO_CHECK;
		};
/* End PBXAggregateTarget section */

/* Begin PBXBuildFile section */
		1314479EF0504C63BAD4CE13 /* /Users/jingouyang/Personal/Courseware/曲面配准/zzzlib/Registeration/CGetpoint.cpp */ = {isa = PBXBuildFile; fileRef = 8828C6064FE349CDAFFA4F57 /* /Users/jingouyang/Personal/Courseware/曲面配准/zzzlib/Registeration/CGetpoint.cpp */; };
		259CCEC891414B60BCC8F274 /* /Users/jingouyang/Personal/Courseware/曲面配准/zzzlib/Registeration/Getpoint.h */ = {isa = PBXBuildFile; fileRef = 47B1281F0CB042B88E11BB64 /* /Users/jingouyang/Personal/Courseware/曲面配准/zzzlib/Registeration/Getpoint.h */; };
		4F4B738A9B594BAF8FD5E4FF /* /Users/jingouyang/Personal/Courseware/曲面配准/zzzlib/Registeration/CGetPoint.h */ = {isa = PBXBuildFile; fileRef = C534EBB9FFD140BD9327CA74 /* /Users/jingouyang/Personal/Courseware/曲面配准/zzzlib/Registeration/CGetPoint.h */; };
		73E07E1F846541D2AC5ECAA6 /* /Users/jingouyang/Personal/Courseware/曲面配准/zzzlib/Registeration/Registeration.cpp */ = {isa = PBXBuildFile; fileRef = 2BD682C81B2242A4933B0040 /* /Users/jingouyang/Personal/Courseware/曲面配准/zzzlib/Registeration/Registeration.cpp */; };
		73F4508EC1C34866BF964741 /* /Users/jingouyang/Personal/Courseware/曲面配准/zzzlib/Registeration/Registeration.h */ = {isa = PBXBuildFile; fileRef = 094AE04A179A4BE3ABA719E7 /* /Users/jingouyang/Personal/Courseware/曲面配准/zzzlib/Registeration/Registeration.h */; };
		96F1E3A32DC34AD9938AF1C6 /* /Users/jingouyang/Personal/Courseware/曲面配准/zzzlib/Registeration/Tool.h */ = {isa = PBXBuildFile; fileRef = B8D7FE6107CE41FAB897580F /* /Users/jingouyang/Personal/Courseware/曲面配准/zzzlib/Registeration/Tool.h */; };
		9F2E116742BF4380AC5B2E90 /* /Users/jingouyang/Personal/Courseware/曲面配准/zzzlib/Registeration/main.cpp */ = {isa = PBXBuildFile; fileRef = 5E9974AEEEC044998EE50B7F /* /Users/jingouyang/Personal/Courseware/曲面配准/zzzlib/Registeration/main.cpp */; };
		A5FD9988E0764EA38368839C /* /Users/jingouyang/Personal/Courseware/曲面配准/zzzlib/Registeration/ToolMesh.h */ = {isa = PBXBuildFile; fileRef = 6A879B40C7EE47629DF952B1 /* /Users/jingouyang/Personal/Courseware/曲面配准/zzzlib/Registeration/ToolMesh.h */; };
		DB993435EBBB482CB2806101 /* /Users/jingouyang/Personal/Courseware/曲面配准/zzzlib/Registeration/MeshBuilder.h */ = {isa = PBXBuildFile; fileRef = C6B5FC170A2F4E27A38FF352 /* /Users/jingouyang/Personal/Courseware/曲面配准/zzzlib/Registeration/MeshBuilder.h */; };
		EDB4858653C449148D12A4C8 /* /Users/jingouyang/Personal/Courseware/曲面配准/zzzlib/Registeration/CMakeLists.txt */ = {isa = PBXBuildFile; fileRef = 462510327AFE4E8D92FFA579 /* /Users/jingouyang/Personal/Courseware/曲面配准/zzzlib/Registeration/CMakeLists.txt */; };
/* End PBXBuildFile section */

/* Begin PBXBuildStyle section */
		327EC4AD6DAA4669882536C6 /* MinSizeRel */ = {
			isa = PBXBuildStyle;
			buildSettings = {
				COPY_PHASE_STRIP = NO;
			};
			name = MinSizeRel;
		};
		B2DD1DFB84AF41D8A3FC13BF /* Release */ = {
			isa = PBXBuildStyle;
			buildSettings = {
				COPY_PHASE_STRIP = NO;
			};
			name = Release;
		};
		B36CB016F28A494E8067A8C2 /* RelWithDebInfo */ = {
			isa = PBXBuildStyle;
			buildSettings = {
				COPY_PHASE_STRIP = NO;
			};
			name = RelWithDebInfo;
		};
		E8D42B95415E459B9ECAD27C /* Debug */ = {
			isa = PBXBuildStyle;
			buildSettings = {
				COPY_PHASE_STRIP = NO;
			};
			name = Debug;
		};
/* End PBXBuildStyle section */

/* Begin PBXContainerItemProxy section */
		58DD080BEA574135B4634129 /* PBXContainerItemProxy */ = {
			isa = PBXContainerItemProxy;
			containerPortal = 4C51ED7844F64F26B1B37C39 /* Project object */;
			proxyType = 1;
			remoteGlobalIDString = EB19B38D2A1547DFB9537E83;
			remoteInfo = ZERO_CHECK;
		};
		5AE81401A6524AF0BA9CE430 /* PBXContainerItemProxy */ = {
			isa = PBXContainerItemProxy;
			containerPortal = 4C51ED7844F64F26B1B37C39 /* Project object */;
			proxyType = 1;
			remoteGlobalIDString = EB19B38D2A1547DFB9537E83;
			remoteInfo = ZERO_CHECK;
		};
		B4685982C3884E8DA52C0C36 /* PBXContainerItemProxy */ = {
			isa = PBXContainerItemProxy;
			containerPortal = 4C51ED7844F64F26B1B37C39 /* Project object */;
			proxyType = 1;
			remoteGlobalIDString = ECC502A553A94361A4A18215;
			remoteInfo = Registeration;
		};
/* End PBXContainerItemProxy section */

/* Begin PBXFileReference section */
		094AE04A179A4BE3ABA719E7 /* /Users/jingouyang/Personal/Courseware/曲面配准/zzzlib/Registeration/Registeration.h */ = {isa = PBXFileReference; explicitFileType = sourcecode.c.h; fileEncoding = 4; name = Registeration.h; path = Registeration.h; sourceTree = SOURCE_ROOT; };
		2BD682C81B2242A4933B0040 /* /Users/jingouyang/Personal/Courseware/曲面配准/zzzlib/Registeration/Registeration.cpp */ = {isa = PBXFileReference; explicitFileType = sourcecode.cpp.cpp; fileEncoding = 4; name = Registeration.cpp; path = Registeration.cpp; sourceTree = SOURCE_ROOT; };
		36877A15A852442A9BFEAEB0 /* Registeration */ = {isa = PBXFileReference; explicitFileType = "compiled.mach-o.executable"; path = Registeration; sourceTree = BUILT_PRODUCTS_DIR; };
		462510327AFE4E8D92FFA579 /* /Users/jingouyang/Personal/Courseware/曲面配准/zzzlib/Registeration/CMakeLists.txt */ = {isa = PBXFileReference; explicitFileType = sourcecode.text; fileEncoding = 4; name = CMakeLists.txt; path = CMakeLists.txt; sourceTree = SOURCE_ROOT; };
		47B1281F0CB042B88E11BB64 /* /Users/jingouyang/Personal/Courseware/曲面配准/zzzlib/Registeration/Getpoint.h */ = {isa = PBXFileReference; explicitFileType = sourcecode.c.h; fileEncoding = 4; name = Getpoint.h; path = Getpoint.h; sourceTree = SOURCE_ROOT; };
		5E9974AEEEC044998EE50B7F /* /Users/jingouyang/Personal/Courseware/曲面配准/zzzlib/Registeration/main.cpp */ = {isa = PBXFileReference; explicitFileType = sourcecode.cpp.cpp; fileEncoding = 4; name = main.cpp; path = main.cpp; sourceTree = SOURCE_ROOT; };
		6A879B40C7EE47629DF952B1 /* /Users/jingouyang/Personal/Courseware/曲面配准/zzzlib/Registeration/ToolMesh.h */ = {isa = PBXFileReference; explicitFileType = sourcecode.c.h; fileEncoding = 4; name = ToolMesh.h; path = ToolMesh.h; sourceTree = SOURCE_ROOT; };
		8828C6064FE349CDAFFA4F57 /* /Users/jingouyang/Personal/Courseware/曲面配准/zzzlib/Registeration/CGetpoint.cpp */ = {isa = PBXFileReference; explicitFileType = sourcecode.cpp.cpp; fileEncoding = 4; name = CGetpoint.cpp; path = CGetpoint.cpp; sourceTree = SOURCE_ROOT; };
		B8D7FE6107CE41FAB897580F /* /Users/jingouyang/Personal/Courseware/曲面配准/zzzlib/Registeration/Tool.h */ = {isa = PBXFileReference; explicitFileType = sourcecode.c.h; fileEncoding = 4; name = Tool.h; path = Tool.h; sourceTree = SOURCE_ROOT; };
		C534EBB9FFD140BD9327CA74 /* /Users/jingouyang/Personal/Courseware/曲面配准/zzzlib/Registeration/CGetPoint.h */ = {isa = PBXFileReference; explicitFileType = sourcecode.c.h; fileEncoding = 4; name = CGetPoint.h; path = CGetPoint.h; sourceTree = SOURCE_ROOT; };
		C6B5FC170A2F4E27A38FF352 /* /Users/jingouyang/Personal/Courseware/曲面配准/zzzlib/Registeration/MeshBuilder.h */ = {isa = PBXFileReference; explicitFileType = sourcecode.c.h; fileEncoding = 4; name = MeshBuilder.h; path = MeshBuilder.h; sourceTree = SOURCE_ROOT; };
		D1B41EA37F50458785DB1DE1 /* /Users/jingouyang/Personal/Courseware/曲面配准/zzzlib/Registeration/CMakeLists.txt */ = {isa = PBXFileReference; explicitFileType = sourcecode.text; fileEncoding = 4; name = CMakeLists.txt; path = CMakeLists.txt; sourceTree = SOURCE_ROOT; };
/* End PBXFileReference section */

/* Begin PBXFrameworksBuildPhase section */
		3A488268291F4CC68E65B693 /* Frameworks */ = {
			isa = PBXFrameworksBuildPhase;
			buildActionMask = 2147483647;
			files = (
			);
			runOnlyForDeploymentPostprocessing = 0;
		};
/* End PBXFrameworksBuildPhase section */

/* Begin PBXGroup section */
		22C85685F0E34704BDD2C9C4 /* Frameworks */ = {
			isa = PBXGroup;
			children = (
			);
			name = Frameworks;
			sourceTree = "<group>";
		};
		49F74310CEDC470FAC78457C /* Source Files */ = {
			isa = PBXGroup;
			children = (
				8828C6064FE349CDAFFA4F57 /* /Users/jingouyang/Personal/Courseware/曲面配准/zzzlib/Registeration/CGetpoint.cpp */,
				2BD682C81B2242A4933B0040 /* /Users/jingouyang/Personal/Courseware/曲面配准/zzzlib/Registeration/Registeration.cpp */,
				5E9974AEEEC044998EE50B7F /* /Users/jingouyang/Personal/Courseware/曲面配准/zzzlib/Registeration/main.cpp */,
			);
			name = "Source Files";
			sourceTree = "<group>";
		};
		9043F0A2636448EE9DDA6D7F /* CMake Rules */ = {
			isa = PBXGroup;
			children = (
			);
			name = "CMake Rules";
			sourceTree = "<group>";
		};
		9069D2F13F32442A8C605C74 = {
			isa = PBXGroup;
			children = (
				C819FA59073A4584B0DD41E3 /* Registeration */,
				B086314DD77D423FB5774894 /* ALL_BUILD */,
				E74248979C944714B39AED6D /* Products */,
				22C85685F0E34704BDD2C9C4 /* Frameworks */,
			);
			sourceTree = "<group>";
		};
		B086314DD77D423FB5774894 /* ALL_BUILD */ = {
			isa = PBXGroup;
			children = (
				9043F0A2636448EE9DDA6D7F /* CMake Rules */,
				D1B41EA37F50458785DB1DE1 /* /Users/jingouyang/Personal/Courseware/曲面配准/zzzlib/Registeration/CMakeLists.txt */,
			);
			name = ALL_BUILD;
			sourceTree = "<group>";
		};
		C819FA59073A4584B0DD41E3 /* Registeration */ = {
			isa = PBXGroup;
			children = (
				49F74310CEDC470FAC78457C /* Source Files */,
				E83D5AD93F29426D817AD99D /* Header Files */,
				462510327AFE4E8D92FFA579 /* /Users/jingouyang/Personal/Courseware/曲面配准/zzzlib/Registeration/CMakeLists.txt */,
			);
			name = Registeration;
			sourceTree = "<group>";
		};
		E74248979C944714B39AED6D /* Products */ = {
			isa = PBXGroup;
			children = (
				36877A15A852442A9BFEAEB0 /* Registeration */,
			);
			name = Products;
			sourceTree = "<group>";
		};
		E83D5AD93F29426D817AD99D /* Header Files */ = {
			isa = PBXGroup;
			children = (
				C534EBB9FFD140BD9327CA74 /* /Users/jingouyang/Personal/Courseware/曲面配准/zzzlib/Registeration/CGetPoint.h */,
				47B1281F0CB042B88E11BB64 /* /Users/jingouyang/Personal/Courseware/曲面配准/zzzlib/Registeration/Getpoint.h */,
				C6B5FC170A2F4E27A38FF352 /* /Users/jingouyang/Personal/Courseware/曲面配准/zzzlib/Registeration/MeshBuilder.h */,
				094AE04A179A4BE3ABA719E7 /* /Users/jingouyang/Personal/Courseware/曲面配准/zzzlib/Registeration/Registeration.h */,
				B8D7FE6107CE41FAB897580F /* /Users/jingouyang/Personal/Courseware/曲面配准/zzzlib/Registeration/Tool.h */,
				6A879B40C7EE47629DF952B1 /* /Users/jingouyang/Personal/Courseware/曲面配准/zzzlib/Registeration/ToolMesh.h */,
			);
			name = "Header Files";
			sourceTree = "<group>";
		};
/* End PBXGroup section */

/* Begin PBXNativeTarget section */
		ECC502A553A94361A4A18215 /* Registeration */ = {
			isa = PBXNativeTarget;
			buildConfigurationList = D835014AE1CD491383B0500C /* Build configuration list for PBXNativeTarget "Registeration" */;
			buildPhases = (
				A75DCA9D4B0B475C8F4EF034 /* Sources */,
				3A488268291F4CC68E65B693 /* Frameworks */,
			);
			buildRules = (
			);
			dependencies = (
				907AC860971546A2AAA98720 /* PBXTargetDependency */,
			);
			name = Registeration;
			productName = Registeration;
			productReference = 36877A15A852442A9BFEAEB0 /* Registeration */;
			productType = "com.apple.product-type.tool";
		};
/* End PBXNativeTarget section */

/* Begin PBXProject section */
		4C51ED7844F64F26B1B37C39 /* Project object */ = {
			isa = PBXProject;
			attributes = {
				BuildIndependentTargetsInParallel = YES;
				LastUpgradeCheck = 1420;
			};
			buildConfigurationList = 57DEC60F3CFF4312B6A04ECE /* Build configuration list for PBXProject "Registeration" */;
			buildSettings = {
			};
			buildStyles = (
				E8D42B95415E459B9ECAD27C /* Debug */,
				B2DD1DFB84AF41D8A3FC13BF /* Release */,
				327EC4AD6DAA4669882536C6 /* MinSizeRel */,
				B36CB016F28A494E8067A8C2 /* RelWithDebInfo */,
			);
			compatibilityVersion = "Xcode 3.2";
			hasScannedForEncodings = 0;
			mainGroup = 9069D2F13F32442A8C605C74;
			projectDirPath = "/Users/jingouyang/Personal/Courseware/曲面配准/zzzlib/Registeration";
			projectRoot = "";
			targets = (
				8480F6F4359F4C6299A53D39 /* ALL_BUILD */,
				ECC502A553A94361A4A18215 /* Registeration */,
				EB19B38D2A1547DFB9537E83 /* ZERO_CHECK */,
			);
		};
/* End PBXProject section */

/* Begin PBXShellScriptBuildPhase section */
		3C0110FC8322DE7E50886E21 = {
			isa = PBXShellScriptBuildPhase;
			buildActionMask = 2147483647;
			files = (
			);
			inputPaths = (
			);
			outputPaths = (
			);
			runOnlyForDeploymentPostprocessing = 0;
			shellPath = /bin/sh;
			shellScript = "# shell script goes here
exit 0";
			showEnvVarsInLog = 0;
		};
		6AD2D452695338AD65AEAAE3 /* Generate CMakeFiles/ZERO_CHECK */ = {
			isa = PBXShellScriptBuildPhase;
			alwaysOutOfDate = 1;
			buildActionMask = 2147483647;
			files = (
			);
			inputPaths = (
			);
			name = "Generate CMakeFiles/ZERO_CHECK";
			outputPaths = (
"/Users/jingouyang/Personal/Courseware/曲面配准/zzzlib/Registeration/xcode/CMakeFiles/ZERO_CHECK"			);
			runOnlyForDeploymentPostprocessing = 0;
			shellPath = /bin/sh;
			shellScript = "set -e
if test \"$CONFIGURATION\" = \"Debug\"; then :
  cd /Users/jingouyang/Personal/Courseware/曲面配准/zzzlib/Registeration/xcode
  make -f /Users/jingouyang/Personal/Courseware/曲面配准/zzzlib/Registeration/xcode/CMakeScripts/ReRunCMake.make
fi
if test \"$CONFIGURATION\" = \"Release\"; then :
  cd /Users/jingouyang/Personal/Courseware/曲面配准/zzzlib/Registeration/xcode
  make -f /Users/jingouyang/Personal/Courseware/曲面配准/zzzlib/Registeration/xcode/CMakeScripts/ReRunCMake.make
fi
if test \"$CONFIGURATION\" = \"MinSizeRel\"; then :
  cd /Users/jingouyang/Personal/Courseware/曲面配准/zzzlib/Registeration/xcode
  make -f /Users/jingouyang/Personal/Courseware/曲面配准/zzzlib/Registeration/xcode/CMakeScripts/ReRunCMake.make
fi
if test \"$CONFIGURATION\" = \"RelWithDebInfo\"; then :
  cd /Users/jingouyang/Personal/Courseware/曲面配准/zzzlib/Registeration/xcode
  make -f /Users/jingouyang/Personal/Courseware/曲面配准/zzzlib/Registeration/xcode/CMakeScripts/ReRunCMake.make
fi
";
			showEnvVarsInLog = 0;
		};
		9B50530E35CC49C82C2FACCF = {
			isa = PBXShellScriptBuildPhase;
			buildActionMask = 2147483647;
			files = (
			);
			inputPaths = (
			);
			outputPaths = (
			);
			runOnlyForDeploymentPostprocessing = 0;
			shellPath = /bin/sh;
			shellScript = "# shell script goes here
exit 0";
			showEnvVarsInLog = 0;
		};
		EAC62F5C32D5029D2525FA5A /* Generate CMakeFiles/ALL_BUILD */ = {
			isa = PBXShellScriptBuildPhase;
			alwaysOutOfDate = 1;
			buildActionMask = 2147483647;
			files = (
			);
			inputPaths = (
			);
			name = "Generate CMakeFiles/ALL_BUILD";
			outputPaths = (
"/Users/jingouyang/Personal/Courseware/曲面配准/zzzlib/Registeration/xcode/CMakeFiles/ALL_BUILD"			);
			runOnlyForDeploymentPostprocessing = 0;
			shellPath = /bin/sh;
			shellScript = "set -e
if test \"$CONFIGURATION\" = \"Debug\"; then :
  cd /Users/jingouyang/Personal/Courseware/曲面配准/zzzlib/Registeration/xcode
  echo Build\\ all\\ projects
fi
if test \"$CONFIGURATION\" = \"Release\"; then :
  cd /Users/jingouyang/Personal/Courseware/曲面配准/zzzlib/Registeration/xcode
  echo Build\\ all\\ projects
fi
if test \"$CONFIGURATION\" = \"MinSizeRel\"; then :
  cd /Users/jingouyang/Personal/Courseware/曲面配准/zzzlib/Registeration/xcode
  echo Build\\ all\\ projects
fi
if test \"$CONFIGURATION\" = \"RelWithDebInfo\"; then :
  cd /Users/jingouyang/Personal/Courseware/曲面配准/zzzlib/Registeration/xcode
  echo Build\\ all\\ projects
fi
";
			showEnvVarsInLog = 0;
		};
/* End PBXShellScriptBuildPhase section */

/* Begin PBXSourcesBuildPhase section */
		A75DCA9D4B0B475C8F4EF034 /* Sources */ = {
			isa = PBXSourcesBuildPhase;
			buildActionMask = 2147483647;
			files = (
				1314479EF0504C63BAD4CE13 /* /Users/jingouyang/Personal/Courseware/曲面配准/zzzlib/Registeration/CGetpoint.cpp */,
				73E07E1F846541D2AC5ECAA6 /* /Users/jingouyang/Personal/Courseware/曲面配准/zzzlib/Registeration/Registeration.cpp */,
				9F2E116742BF4380AC5B2E90 /* /Users/jingouyang/Personal/Courseware/曲面配准/zzzlib/Registeration/main.cpp */,
			);
			runOnlyForDeploymentPostprocessing = 0;
		};
/* End PBXSourcesBuildPhase section */

/* Begin PBXTargetDependency section */
		0ABA8BA735684AE4983AFE00 /* PBXTargetDependency */ = {
			isa = PBXTargetDependency;
			target = ECC502A553A94361A4A18215 /* Registeration */;
			targetProxy = B4685982C3884E8DA52C0C36 /* PBXContainerItemProxy */;
		};
		907AC860971546A2AAA98720 /* PBXTargetDependency */ = {
			isa = PBXTargetDependency;
			target = EB19B38D2A1547DFB9537E83 /* ZERO_CHECK */;
			targetProxy = 5AE81401A6524AF0BA9CE430 /* PBXContainerItemProxy */;
		};
		FF89A2BC3CC74C18A64D7120 /* PBXTargetDependency */ = {
			isa = PBXTargetDependency;
			target = EB19B38D2A1547DFB9537E83 /* ZERO_CHECK */;
			targetProxy = 58DD080BEA574135B4634129 /* PBXContainerItemProxy */;
		};
/* End PBXTargetDependency section */

/* Begin XCBuildConfiguration section */
		05840164C837438D905D5C02 /* Release */ = {
			isa = XCBuildConfiguration;
			buildSettings = {
				ARCHS = arm64;
				SDKROOT = /Applications/Xcode.app/Contents/Developer/Platforms/MacOSX.platform/Developer/SDKs/MacOSX13.1.sdk;
				SWIFT_COMPILATION_MODE = wholemodule;
				SYMROOT = "/Users/jingouyang/Personal/Courseware/曲面配准/zzzlib/Registeration/xcode/build";
			};
			name = Release;
		};
		05A26C30D82346808CBAF371 /* Debug */ = {
			isa = XCBuildConfiguration;
			buildSettings = {
				ALWAYS_SEARCH_USER_PATHS = NO;
				ARCHS = arm64;
				COMBINE_HIDPI_IMAGES = YES;
				CONFIGURATION_BUILD_DIR = "/Users/jingouyang/Personal/Courseware/曲面配准/zzzlib/Registeration/xcode/Debug";
				EXECUTABLE_PREFIX = "";
				EXECUTABLE_SUFFIX = "";
				GCC_GENERATE_DEBUGGING_SYMBOLS = YES;
				GCC_INLINES_ARE_PRIVATE_EXTERN = NO;
				GCC_OPTIMIZATION_LEVEL = 0;
				GCC_PREPROCESSOR_DEFINITIONS = ("'CMAKE_INTDIR=\"$(CONFIGURATION)$(EFFECTIVE_PLATFORM_NAME)\"'","$(inherited)");
				GCC_SYMBOLS_PRIVATE_EXTERN = NO;
				HEADER_SEARCH_PATHS = ("/Users/jingouyang/Personal/Courseware/曲面配准/zzzlib/Registeration/spectra/1.0.1/include","/Users/jingouyang/Personal/Courseware/曲面配准/zzzlib/Registeration/eigen-3.4.0","/Users/jingouyang/Personal/Courseware/曲面配准/zzzlib/Registeration/Meshlib","/Users/jingouyang/Personal/Courseware/曲面配准/zzzlib/Registeration/basic_opengl","/Users/jingouyang/Personal/Courseware/曲面配准/zzzlib/Registeration/TMeshlib","/Users/jingouyang/Personal/Courseware/曲面配准/zzzlib/Registeration/freeglut","$(inherited)");
				INSTALL_PATH = "";
				ONLY_ACTIVE_ARCH = NO;
				OTHER_CPLUSPLUSFLAGS = "   '-std=gnu++17' ";
				OTHER_LDFLAGS = (" -Wl,-search_paths_first -Wl,-headerpad_max_install_names","$(inherited)");
				OTHER_REZFLAGS = "";
				PRODUCT_NAME = Registeration;
				SECTORDER_FLAGS = "";
				TARGET_TEMP_DIR = "/Users/jingouyang/Personal/Courseware/曲面配准/zzzlib/Registeration/xcode/build/Registeration.build/$(CONFIGURATION)$(EFFECTIVE_PLATFORM_NAME)";
				USE_HEADERMAP = NO;
				WARNING_CFLAGS = ("$(inherited)");
			};
			name = Debug;
		};
		107A872D530B43ADB4D312C5 /* RelWithDebInfo */ = {
			isa = XCBuildConfiguration;
			buildSettings = {
				ALWAYS_SEARCH_USER_PATHS = NO;
				ARCHS = arm64;
				COMBINE_HIDPI_IMAGES = YES;
				CONFIGURATION_BUILD_DIR = "/Users/jingouyang/Personal/Courseware/曲面配准/zzzlib/Registeration/xcode/RelWithDebInfo";
				EXECUTABLE_PREFIX = "";
				EXECUTABLE_SUFFIX = "";
				GCC_GENERATE_DEBUGGING_SYMBOLS = YES;
				GCC_INLINES_ARE_PRIVATE_EXTERN = NO;
				GCC_OPTIMIZATION_LEVEL = 2;
				GCC_PREPROCESSOR_DEFINITIONS = ("'CMAKE_INTDIR=\"$(CONFIGURATION)$(EFFECTIVE_PLATFORM_NAME)\"'","$(inherited)");
				GCC_SYMBOLS_PRIVATE_EXTERN = NO;
				HEADER_SEARCH_PATHS = ("/Users/jingouyang/Personal/Courseware/曲面配准/zzzlib/Registeration/spectra/1.0.1/include","/Users/jingouyang/Personal/Courseware/曲面配准/zzzlib/Registeration/eigen-3.4.0","/Users/jingouyang/Personal/Courseware/曲面配准/zzzlib/Registeration/Meshlib","/Users/jingouyang/Personal/Courseware/曲面配准/zzzlib/Registeration/basic_opengl","/Users/jingouyang/Personal/Courseware/曲面配准/zzzlib/Registeration/TMeshlib","/Users/jingouyang/Personal/Courseware/曲面配准/zzzlib/Registeration/freeglut","$(inherited)");
				INSTALL_PATH = "";
				ONLY_ACTIVE_ARCH = NO;
				OTHER_CPLUSPLUSFLAGS = "       -DNDEBUG '-std=gnu++17' ";
				OTHER_LDFLAGS = (" -Wl,-search_paths_first -Wl,-headerpad_max_install_names","$(inherited)");
				OTHER_REZFLAGS = "";
				PRODUCT_NAME = Registeration;
				SECTORDER_FLAGS = "";
				TARGET_TEMP_DIR = "/Users/jingouyang/Personal/Courseware/曲面配准/zzzlib/Registeration/xcode/build/Registeration.build/$(CONFIGURATION)$(EFFECTIVE_PLATFORM_NAME)";
				USE_HEADERMAP = NO;
				WARNING_CFLAGS = ("$(inherited)");
			};
			name = RelWithDebInfo;
		};
		5BEC097930C64185AC80E880 /* MinSizeRel */ = {
			isa = XCBuildConfiguration;
			buildSettings = {
				ALWAYS_SEARCH_USER_PATHS = NO;
				ARCHS = arm64;
				COMBINE_HIDPI_IMAGES = YES;
				CONFIGURATION_BUILD_DIR = "/Users/jingouyang/Personal/Courseware/曲面配准/zzzlib/Registeration/xcode/MinSizeRel";
				EXECUTABLE_PREFIX = "";
				EXECUTABLE_SUFFIX = "";
				GCC_GENERATE_DEBUGGING_SYMBOLS = NO;
				GCC_INLINES_ARE_PRIVATE_EXTERN = NO;
				GCC_OPTIMIZATION_LEVEL = s;
				GCC_PREPROCESSOR_DEFINITIONS = ("'CMAKE_INTDIR=\"$(CONFIGURATION)$(EFFECTIVE_PLATFORM_NAME)\"'","$(inherited)");
				GCC_SYMBOLS_PRIVATE_EXTERN = NO;
				HEADER_SEARCH_PATHS = ("/Users/jingouyang/Personal/Courseware/曲面配准/zzzlib/Registeration/spectra/1.0.1/include","/Users/jingouyang/Personal/Courseware/曲面配准/zzzlib/Registeration/eigen-3.4.0","/Users/jingouyang/Personal/Courseware/曲面配准/zzzlib/Registeration/Meshlib","/Users/jingouyang/Personal/Courseware/曲面配准/zzzlib/Registeration/basic_opengl","/Users/jingouyang/Personal/Courseware/曲面配准/zzzlib/Registeration/TMeshlib","/Users/jingouyang/Personal/Courseware/曲面配准/zzzlib/Registeration/freeglut","$(inherited)");
				INSTALL_PATH = "";
				ONLY_ACTIVE_ARCH = NO;
				OTHER_CPLUSPLUSFLAGS = "    -DNDEBUG '-std=gnu++17' ";
				OTHER_LDFLAGS = (" -Wl,-search_paths_first -Wl,-headerpad_max_install_names","$(inherited)");
				OTHER_REZFLAGS = "";
				PRODUCT_NAME = Registeration;
				SECTORDER_FLAGS = "";
				TARGET_TEMP_DIR = "/Users/jingouyang/Personal/Courseware/曲面配准/zzzlib/Registeration/xcode/build/Registeration.build/$(CONFIGURATION)$(EFFECTIVE_PLATFORM_NAME)";
				USE_HEADERMAP = NO;
				WARNING_CFLAGS = ("$(inherited)");
			};
			name = MinSizeRel;
		};
		5C5E146ADB7544CB8A6D785D /* MinSizeRel */ = {
			isa = XCBuildConfiguration;
			buildSettings = {
				ARCHS = arm64;
				SDKROOT = /Applications/Xcode.app/Contents/Developer/Platforms/MacOSX.platform/Developer/SDKs/MacOSX13.1.sdk;
				SWIFT_COMPILATION_MODE = wholemodule;
				SYMROOT = "/Users/jingouyang/Personal/Courseware/曲面配准/zzzlib/Registeration/xcode/build";
			};
			name = MinSizeRel;
		};
		5FAE41A855A645D1970A0B17 /* RelWithDebInfo */ = {
			isa = XCBuildConfiguration;
			buildSettings = {
				ALWAYS_SEARCH_USER_PATHS = NO;
				ARCHS = arm64;
				COMBINE_HIDPI_IMAGES = YES;
				GCC_GENERATE_DEBUGGING_SYMBOLS = YES;
				GCC_INLINES_ARE_PRIVATE_EXTERN = NO;
				GCC_OPTIMIZATION_LEVEL = 0;
				GCC_PREPROCESSOR_DEFINITIONS = ("'CMAKE_INTDIR=\"$(CONFIGURATION)$(EFFECTIVE_PLATFORM_NAME)\"'","$(inherited)");
				GCC_SYMBOLS_PRIVATE_EXTERN = NO;
				INSTALL_PATH = "";
				ONLY_ACTIVE_ARCH = NO;
				OTHER_LDFLAGS = ("","$(inherited)");
				OTHER_REZFLAGS = "";
				PRODUCT_NAME = ALL_BUILD;
				SECTORDER_FLAGS = "";
				USE_HEADERMAP = NO;
				WARNING_CFLAGS = ("$(inherited)");
			};
			name = RelWithDebInfo;
		};
		6978E8F16F1D4E1FBA8F542E /* MinSizeRel */ = {
			isa = XCBuildConfiguration;
			buildSettings = {
				ALWAYS_SEARCH_USER_PATHS = NO;
				ARCHS = arm64;
				COMBINE_HIDPI_IMAGES = YES;
				GCC_GENERATE_DEBUGGING_SYMBOLS = YES;
				GCC_INLINES_ARE_PRIVATE_EXTERN = NO;
				GCC_OPTIMIZATION_LEVEL = 0;
				GCC_PREPROCESSOR_DEFINITIONS = ("'CMAKE_INTDIR=\"$(CONFIGURATION)$(EFFECTIVE_PLATFORM_NAME)\"'","$(inherited)");
				GCC_SYMBOLS_PRIVATE_EXTERN = NO;
				INSTALL_PATH = "";
				ONLY_ACTIVE_ARCH = NO;
				OTHER_LDFLAGS = ("","$(inherited)");
				OTHER_REZFLAGS = "";
				PRODUCT_NAME = ZERO_CHECK;
				SECTORDER_FLAGS = "";
				USE_HEADERMAP = NO;
				WARNING_CFLAGS = ("$(inherited)");
			};
			name = MinSizeRel;
		};
		760A45EF9EA8415284A8A28D /* Release */ = {
			isa = XCBuildConfiguration;
			buildSettings = {
				ALWAYS_SEARCH_USER_PATHS = NO;
				ARCHS = arm64;
				COMBINE_HIDPI_IMAGES = YES;
				GCC_GENERATE_DEBUGGING_SYMBOLS = YES;
				GCC_INLINES_ARE_PRIVATE_EXTERN = NO;
				GCC_OPTIMIZATION_LEVEL = 0;
				GCC_PREPROCESSOR_DEFINITIONS = ("'CMAKE_INTDIR=\"$(CONFIGURATION)$(EFFECTIVE_PLATFORM_NAME)\"'","$(inherited)");
				GCC_SYMBOLS_PRIVATE_EXTERN = NO;
				INSTALL_PATH = "";
				ONLY_ACTIVE_ARCH = NO;
				OTHER_LDFLAGS = ("","$(inherited)");
				OTHER_REZFLAGS = "";
				PRODUCT_NAME = ALL_BUILD;
				SECTORDER_FLAGS = "";
				USE_HEADERMAP = NO;
				WARNING_CFLAGS = ("$(inherited)");
			};
			name = Release;
		};
		7D8B4B72A1E94CE6B749BFE6 /* Release */ = {
			isa = XCBuildConfiguration;
			buildSettings = {
				ALWAYS_SEARCH_USER_PATHS = NO;
				ARCHS = arm64;
				COMBINE_HIDPI_IMAGES = YES;
				CONFIGURATION_BUILD_DIR = "/Users/jingouyang/Personal/Courseware/曲面配准/zzzlib/Registeration/xcode/Release";
				EXECUTABLE_PREFIX = "";
				EXECUTABLE_SUFFIX = "";
				GCC_GENERATE_DEBUGGING_SYMBOLS = NO;
				GCC_INLINES_ARE_PRIVATE_EXTERN = NO;
				GCC_OPTIMIZATION_LEVEL = 3;
				GCC_PREPROCESSOR_DEFINITIONS = ("'CMAKE_INTDIR=\"$(CONFIGURATION)$(EFFECTIVE_PLATFORM_NAME)\"'","$(inherited)");
				GCC_SYMBOLS_PRIVATE_EXTERN = NO;
				HEADER_SEARCH_PATHS = ("/Users/jingouyang/Personal/Courseware/曲面配准/zzzlib/Registeration/spectra/1.0.1/include","/Users/jingouyang/Personal/Courseware/曲面配准/zzzlib/Registeration/eigen-3.4.0","/Users/jingouyang/Personal/Courseware/曲面配准/zzzlib/Registeration/Meshlib","/Users/jingouyang/Personal/Courseware/曲面配准/zzzlib/Registeration/basic_opengl","/Users/jingouyang/Personal/Courseware/曲面配准/zzzlib/Registeration/TMeshlib","/Users/jingouyang/Personal/Courseware/曲面配准/zzzlib/Registeration/freeglut","$(inherited)");
				INSTALL_PATH = "";
				ONLY_ACTIVE_ARCH = NO;
				OTHER_CPLUSPLUSFLAGS = "    -DNDEBUG '-std=gnu++17' ";
				OTHER_LDFLAGS = (" -Wl,-search_paths_first -Wl,-headerpad_max_install_names","$(inherited)");
				OTHER_REZFLAGS = "";
				PRODUCT_NAME = Registeration;
				SECTORDER_FLAGS = "";
				TARGET_TEMP_DIR = "/Users/jingouyang/Personal/Courseware/曲面配准/zzzlib/Registeration/xcode/build/Registeration.build/$(CONFIGURATION)$(EFFECTIVE_PLATFORM_NAME)";
				USE_HEADERMAP = NO;
				WARNING_CFLAGS = ("$(inherited)");
			};
			name = Release;
		};
		9551EB248D964E5E8409D229 /* Debug */ = {
			isa = XCBuildConfiguration;
			buildSettings = {
				ARCHS = arm64;
				SDKROOT = /Applications/Xcode.app/Contents/Developer/Platforms/MacOSX.platform/Developer/SDKs/MacOSX13.1.sdk;
				SYMROOT = "/Users/jingouyang/Personal/Courseware/曲面配准/zzzlib/Registeration/xcode/build";
			};
			name = Debug;
		};
		A3FE3359F0F04600AA7EFA0C /* Debug */ = {
			isa = XCBuildConfiguration;
			buildSettings = {
				ALWAYS_SEARCH_USER_PATHS = NO;
				ARCHS = arm64;
				COMBINE_HIDPI_IMAGES = YES;
				GCC_GENERATE_DEBUGGING_SYMBOLS = YES;
				GCC_INLINES_ARE_PRIVATE_EXTERN = NO;
				GCC_OPTIMIZATION_LEVEL = 0;
				GCC_PREPROCESSOR_DEFINITIONS = ("'CMAKE_INTDIR=\"$(CONFIGURATION)$(EFFECTIVE_PLATFORM_NAME)\"'","$(inherited)");
				GCC_SYMBOLS_PRIVATE_EXTERN = NO;
				INSTALL_PATH = "";
				ONLY_ACTIVE_ARCH = NO;
				OTHER_LDFLAGS = ("","$(inherited)");
				OTHER_REZFLAGS = "";
				PRODUCT_NAME = ALL_BUILD;
				SECTORDER_FLAGS = "";
				USE_HEADERMAP = NO;
				WARNING_CFLAGS = ("$(inherited)");
			};
			name = Debug;
		};
		C400BA93246D458B8A46C9DA /* Release */ = {
			isa = XCBuildConfiguration;
			buildSettings = {
				ALWAYS_SEARCH_USER_PATHS = NO;
				ARCHS = arm64;
				COMBINE_HIDPI_IMAGES = YES;
				GCC_GENERATE_DEBUGGING_SYMBOLS = YES;
				GCC_INLINES_ARE_PRIVATE_EXTERN = NO;
				GCC_OPTIMIZATION_LEVEL = 0;
				GCC_PREPROCESSOR_DEFINITIONS = ("'CMAKE_INTDIR=\"$(CONFIGURATION)$(EFFECTIVE_PLATFORM_NAME)\"'","$(inherited)");
				GCC_SYMBOLS_PRIVATE_EXTERN = NO;
				INSTALL_PATH = "";
				ONLY_ACTIVE_ARCH = NO;
				OTHER_LDFLAGS = ("","$(inherited)");
				OTHER_REZFLAGS = "";
				PRODUCT_NAME = ZERO_CHECK;
				SECTORDER_FLAGS = "";
				USE_HEADERMAP = NO;
				WARNING_CFLAGS = ("$(inherited)");
			};
			name = Release;
		};
		F489C05558814A52ABC8B7D4 /* MinSizeRel */ = {
			isa = XCBuildConfiguration;
			buildSettings = {
				ALWAYS_SEARCH_USER_PATHS = NO;
				ARCHS = arm64;
				COMBINE_HIDPI_IMAGES = YES;
				GCC_GENERATE_DEBUGGING_SYMBOLS = YES;
				GCC_INLINES_ARE_PRIVATE_EXTERN = NO;
				GCC_OPTIMIZATION_LEVEL = 0;
				GCC_PREPROCESSOR_DEFINITIONS = ("'CMAKE_INTDIR=\"$(CONFIGURATION)$(EFFECTIVE_PLATFORM_NAME)\"'","$(inherited)");
				GCC_SYMBOLS_PRIVATE_EXTERN = NO;
				INSTALL_PATH = "";
				ONLY_ACTIVE_ARCH = NO;
				OTHER_LDFLAGS = ("","$(inherited)");
				OTHER_REZFLAGS = "";
				PRODUCT_NAME = ALL_BUILD;
				SECTORDER_FLAGS = "";
				USE_HEADERMAP = NO;
				WARNING_CFLAGS = ("$(inherited)");
			};
			name = MinSizeRel;
		};
		F4E55A4B7B01431CB667B897 /* RelWithDebInfo */ = {
			isa = XCBuildConfiguration;
			buildSettings = {
				ARCHS = arm64;
				SDKROOT = /Applications/Xcode.app/Contents/Developer/Platforms/MacOSX.platform/Developer/SDKs/MacOSX13.1.sdk;
				SWIFT_COMPILATION_MODE = wholemodule;
				SYMROOT = "/Users/jingouyang/Personal/Courseware/曲面配准/zzzlib/Registeration/xcode/build";
			};
			name = RelWithDebInfo;
		};
		FA5D223D9F1044069DB9489C /* RelWithDebInfo */ = {
			isa = XCBuildConfiguration;
			buildSettings = {
				ALWAYS_SEARCH_USER_PATHS = NO;
				ARCHS = arm64;
				COMBINE_HIDPI_IMAGES = YES;
				GCC_GENERATE_DEBUGGING_SYMBOLS = YES;
				GCC_INLINES_ARE_PRIVATE_EXTERN = NO;
				GCC_OPTIMIZATION_LEVEL = 0;
				GCC_PREPROCESSOR_DEFINITIONS = ("'CMAKE_INTDIR=\"$(CONFIGURATION)$(EFFECTIVE_PLATFORM_NAME)\"'","$(inherited)");
				GCC_SYMBOLS_PRIVATE_EXTERN = NO;
				INSTALL_PATH = "";
				ONLY_ACTIVE_ARCH = NO;
				OTHER_LDFLAGS = ("","$(inherited)");
				OTHER_REZFLAGS = "";
				PRODUCT_NAME = ZERO_CHECK;
				SECTORDER_FLAGS = "";
				USE_HEADERMAP = NO;
				WARNING_CFLAGS = ("$(inherited)");
			};
			name = RelWithDebInfo;
		};
		FC8CD4FBB4D4430BB5E64308 /* Debug */ = {
			isa = XCBuildConfiguration;
			buildSettings = {
				ALWAYS_SEARCH_USER_PATHS = NO;
				ARCHS = arm64;
				COMBINE_HIDPI_IMAGES = YES;
				GCC_GENERATE_DEBUGGING_SYMBOLS = YES;
				GCC_INLINES_ARE_PRIVATE_EXTERN = NO;
				GCC_OPTIMIZATION_LEVEL = 0;
				GCC_PREPROCESSOR_DEFINITIONS = ("'CMAKE_INTDIR=\"$(CONFIGURATION)$(EFFECTIVE_PLATFORM_NAME)\"'","$(inherited)");
				GCC_SYMBOLS_PRIVATE_EXTERN = NO;
				INSTALL_PATH = "";
				ONLY_ACTIVE_ARCH = NO;
				OTHER_LDFLAGS = ("","$(inherited)");
				OTHER_REZFLAGS = "";
				PRODUCT_NAME = ZERO_CHECK;
				SECTORDER_FLAGS = "";
				USE_HEADERMAP = NO;
				WARNING_CFLAGS = ("$(inherited)");
			};
			name = Debug;
		};
/* End XCBuildConfiguration section */

/* Begin XCConfigurationList section */
		0F29D2359B7143CF8927A56D /* Build configuration list for PBXAggregateTarget "ALL_BUILD" */ = {
			isa = XCConfigurationList;
			buildConfigurations = (
				A3FE3359F0F04600AA7EFA0C /* Debug */,
				760A45EF9EA8415284A8A28D /* Release */,
				F489C05558814A52ABC8B7D4 /* MinSizeRel */,
				5FAE41A855A645D1970A0B17 /* RelWithDebInfo */,
			);
			defaultConfigurationIsVisible = 0;
			defaultConfigurationName = Debug;
		};
		57DEC60F3CFF4312B6A04ECE /* Build configuration list for PBXProject "Registeration" */ = {
			isa = XCConfigurationList;
			buildConfigurations = (
				9551EB248D964E5E8409D229 /* Debug */,
				05840164C837438D905D5C02 /* Release */,
				5C5E146ADB7544CB8A6D785D /* MinSizeRel */,
				F4E55A4B7B01431CB667B897 /* RelWithDebInfo */,
			);
			defaultConfigurationIsVisible = 0;
			defaultConfigurationName = Debug;
		};
		9CDC42ED3D2B49E39791CBDB /* Build configuration list for PBXAggregateTarget "ZERO_CHECK" */ = {
			isa = XCConfigurationList;
			buildConfigurations = (
				FC8CD4FBB4D4430BB5E64308 /* Debug */,
				C400BA93246D458B8A46C9DA /* Release */,
				6978E8F16F1D4E1FBA8F542E /* MinSizeRel */,
				FA5D223D9F1044069DB9489C /* RelWithDebInfo */,
			);
			defaultConfigurationIsVisible = 0;
			defaultConfigurationName = Debug;
		};
		D835014AE1CD491383B0500C /* Build configuration list for PBXNativeTarget "Registeration" */ = {
			isa = XCConfigurationList;
			buildConfigurations = (
				05A26C30D82346808CBAF371 /* Debug */,
				7D8B4B72A1E94CE6B749BFE6 /* Release */,
				5BEC097930C64185AC80E880 /* MinSizeRel */,
				107A872D530B43ADB4D312C5 /* RelWithDebInfo */,
			);
			defaultConfigurationIsVisible = 0;
			defaultConfigurationName = Debug;
		};
/* End XCConfigurationList section */
	};
	rootObject = 4C51ED7844F64F26B1B37C39 /* Project object */;
}
